# THIS IS AN AUTOGENERATED FILE. DO NOT EDIT THIS FILE DIRECTLY.
# yarn lockfile v1


"@types/csv-parse@^1.1.8":
  version "1.1.8"
  resolved "https://registry.yarnpkg.com/@types/csv-parse/-/csv-parse-1.1.8.tgz#b84c853c4b8becf17f9ceb11d7d559741dc78b98"
  dependencies:
    "@types/node" "*"

"@types/node@*":
  version "7.0.28"
  resolved "https://registry.yarnpkg.com/@types/node/-/node-7.0.28.tgz#3a8c62b718a73bbb89ede4aba5ab12c8f822c36e"

csv-parse@^1.2.0:
  version "1.2.0"
  resolved "https://registry.yarnpkg.com/csv-parse/-/csv-parse-1.2.0.tgz#047b73868ab9a85746e885f637f9ed0fb645a425"
